// !$*UTF8*$!
{
	archiveVersion = 1;
	classes = {
	};
	objectVersion = 48;
	objects = {

/* Begin PBXBuildFile section */
		BD222EE72095980B001702FC /* AppDelegate.m in Sources */ = {isa = PBXBuildFile; fileRef = BD222EE62095980B001702FC /* AppDelegate.m */; };
		BD222EEA2095980B001702FC /* ViewController.m in Sources */ = {isa = PBXBuildFile; fileRef = BD222EE92095980B001702FC /* ViewController.m */; };
		BD222EED2095980B001702FC /* Main.storyboard in Resources */ = {isa = PBXBuildFile; fileRef = BD222EEB2095980B001702FC /* Main.storyboard */; };
		BD222EF02095980B001702FC /* PCHDemo.xcdatamodeld in Sources */ = {isa = PBXBuildFile; fileRef = BD222EEE2095980B001702FC /* PCHDemo.xcdatamodeld */; };
		BD222EF22095980B001702FC /* Assets.xcassets in Resources */ = {isa = PBXBuildFile; fileRef = BD222EF12095980B001702FC /* Assets.xcassets */; };
		BD222EF52095980B001702FC /* LaunchScreen.storyboard in Resources */ = {isa = PBXBuildFile; fileRef = BD222EF32095980B001702FC /* LaunchScreen.storyboard */; };
		BD222EF82095980B001702FC /* main.m in Sources */ = {isa = PBXBuildFile; fileRef = BD222EF72095980B001702FC /* main.m */; };
		BD222F022095980B001702FC /* PCHDemoTests.m in Sources */ = {isa = PBXBuildFile; fileRef = BD222F012095980B001702FC /* PCHDemoTests.m */; };
		BD222F0D2095980B001702FC /* PCHDemoUITests.m in Sources */ = {isa = PBXBuildFile; fileRef = BD222F0C2095980B001702FC /* PCHDemoUITests.m */; };
/* End PBXBuildFile section */

/* Begin PBXContainerItemProxy section */
		BD222EFE2095980B001702FC /* PBXContainerItemProxy */ = {
			isa = PBXContainerItemProxy;
			containerPortal = BD222EDA2095980B001702FC /* Project object */;
			proxyType = 1;
			remoteGlobalIDString = BD222EE12095980B001702FC;
			remoteInfo = PCHDemo;
		};
		BD222F092095980B001702FC /* PBXContainerItemProxy */ = {
			isa = PBXContainerItemProxy;
			containerPortal = BD222EDA2095980B001702FC /* Project object */;
			proxyType = 1;
			remoteGlobalIDString = BD222EE12095980B001702FC;
			remoteInfo = PCHDemo;
		};
/* End PBXContainerItemProxy section */

/* Begin PBXFileReference section */
		BD222EE22095980B001702FC /* PCHDemo.app */ = {isa = PBXFileReference; explicitFileType = wrapper.application; includeInIndex = 0; path = PCHDemo.app; sourceTree = BUILT_PRODUCTS_DIR; };
		BD222EE52095980B001702FC /* AppDelegate.h */ = {isa = PBXFileReference; lastKnownFileType = sourcecode.c.h; path = AppDelegate.h; sourceTree = "<group>"; };
		BD222EE62095980B001702FC /* AppDelegate.m */ = {isa = PBXFileReference; lastKnownFileType = sourcecode.c.objc; path = AppDelegate.m; sourceTree = "<group>"; };
		BD222EE82095980B001702FC /* ViewController.h */ = {isa = PBXFileReference; lastKnownFileType = sourcecode.c.h; path = ViewController.h; sourceTree = "<group>"; };
		BD222EE92095980B001702FC /* ViewController.m */ = {isa = PBXFileReference; lastKnownFileType = sourcecode.c.objc; path = ViewController.m; sourceTree = "<group>"; };
		BD222EEC2095980B001702FC /* Base */ = {isa = PBXFileReference; lastKnownFileType = file.storyboard; name = Base; path = Base.lproj/Main.storyboard; sourceTree = "<group>"; };
		BD222EEF2095980B001702FC /* PCHDemo.xcdatamodel */ = {isa = PBXFileReference; lastKnownFileType = wrapper.xcdatamodel; path = PCHDemo.xcdatamodel; sourceTree = "<group>"; };
		BD222EF12095980B001702FC /* Assets.xcassets */ = {isa = PBXFileReference; lastKnownFileType = folder.assetcatalog; path = Assets.xcassets; sourceTree = "<group>"; };
		BD222EF42095980B001702FC /* Base */ = {isa = PBXFileReference; lastKnownFileType = file.storyboard; name = Base; path = Base.lproj/LaunchScreen.storyboard; sourceTree = "<group>"; };
		BD222EF62095980B001702FC /* Info.plist */ = {isa = PBXFileReference; lastKnownFileType = text.plist.xml; path = Info.plist; sourceTree = "<group>"; };
		BD222EF72095980B001702FC /* main.m */ = {isa = PBXFileReference; lastKnownFileType = sourcecode.c.objc; path = main.m; sourceTree = "<group>"; };
		BD222EFD2095980B001702FC /* PCHDemoTests.xctest */ = {isa = PBXFileReference; explicitFileType = wrapper.cfbundle; includeInIndex = 0; path = PCHDemoTests.xctest; sourceTree = BUILT_PRODUCTS_DIR; };
		BD222F012095980B001702FC /* PCHDemoTests.m */ = {isa = PBXFileReference; lastKnownFileType = sourcecode.c.objc; path = PCHDemoTests.m; sourceTree = "<group>"; };
		BD222F032095980B001702FC /* Info.plist */ = {isa = PBXFileReference; lastKnownFileType = text.plist.xml; path = Info.plist; sourceTree = "<group>"; };
		BD222F082095980B001702FC /* PCHDemoUITests.xctest */ = {isa = PBXFileReference; explicitFileType = wrapper.cfbundle; includeInIndex = 0; path = PCHDemoUITests.xctest; sourceTree = BUILT_PRODUCTS_DIR; };
		BD222F0C2095980B001702FC /* PCHDemoUITests.m */ = {isa = PBXFileReference; lastKnownFileType = sourcecode.c.objc; path = PCHDemoUITests.m; sourceTree = "<group>"; };
		BD222F0E2095980B001702FC /* Info.plist */ = {isa = PBXFileReference; lastKnownFileType = text.plist.xml; path = Info.plist; sourceTree = "<group>"; };
		BD222F1E2095A53F001702FC /* PCHDemo-prefix.pch */ = {isa = PBXFileReference; lastKnownFileType = sourcecode.c.h; path = "PCHDemo-prefix.pch"; sourceTree = "<group>"; };
		BD222F1F2095A60A001702FC /* HelperClass.h */ = {isa = PBXFileReference; lastKnownFileType = sourcecode.c.h; path = HelperClass.h; sourceTree = "<group>"; };
/* End PBXFileReference section */

/* Begin PBXFrameworksBuildPhase section */
		BD222EDF2095980B001702FC /* Frameworks */ = {
			isa = PBXFrameworksBuildPhase;
			buildActionMask = 2147483647;
			files = (
			);
			runOnlyForDeploymentPostprocessing = 0;
		};
		BD222EFA2095980B001702FC /* Frameworks */ = {
			isa = PBXFrameworksBuildPhase;
			buildActionMask = 2147483647;
			files = (
			);
			runOnlyForDeploymentPostprocessing = 0;
		};
		BD222F052095980B001702FC /* Frameworks */ = {
			isa = PBXFrameworksBuildPhase;
			buildActionMask = 2147483647;
			files = (
			);
			runOnlyForDeploymentPostprocessing = 0;
		};
/* End PBXFrameworksBuildPhase section */

/* Begin PBXGroup section */
		BD222ED92095980B001702FC = {
			isa = PBXGroup;
			children = (
				BD222EE42095980B001702FC /* PCHDemo */,
				BD222F002095980B001702FC /* PCHDemoTests */,
				BD222F0B2095980B001702FC /* PCHDemoUITests */,
				BD222EE32095980B001702FC /* Products */,
			);
			sourceTree = "<group>";
		};
		BD222EE32095980B001702FC /* Products */ = {
			isa = PBXGroup;
			children = (
				BD222EE22095980B001702FC /* PCHDemo.app */,
				BD222EFD2095980B001702FC /* PCHDemoTests.xctest */,
				BD222F082095980B001702FC /* PCHDemoUITests.xctest */,
			);
			name = Products;
			sourceTree = "<group>";
		};
		BD222EE42095980B001702FC /* PCHDemo */ = {
			isa = PBXGroup;
			children = (
				BD222EE52095980B001702FC /* AppDelegate.h */,
				BD222EE62095980B001702FC /* AppDelegate.m */,
				BD222EE82095980B001702FC /* ViewController.h */,
				BD222EE92095980B001702FC /* ViewController.m */,
				BD222F1E2095A53F001702FC /* PCHDemo-prefix.pch */,
				BD222F1F2095A60A001702FC /* HelperClass.h */,
				BD222EEB2095980B001702FC /* Main.storyboard */,
				BD222EF12095980B001702FC /* Assets.xcassets */,
				BD222EF32095980B001702FC /* LaunchScreen.storyboard */,
				BD222EF62095980B001702FC /* Info.plist */,
				BD222EF72095980B001702FC /* main.m */,
				BD222EEE2095980B001702FC /* PCHDemo.xcdatamodeld */,
			);
			path = PCHDemo;
			sourceTree = "<group>";
		};
		BD222F002095980B001702FC /* PCHDemoTests */ = {
			isa = PBXGroup;
			children = (
				BD222F012095980B001702FC /* PCHDemoTests.m */,
				BD222F032095980B001702FC /* Info.plist */,
			);
			path = PCHDemoTests;
			sourceTree = "<group>";
		};
		BD222F0B2095980B001702FC /* PCHDemoUITests */ = {
			isa = PBXGroup;
			children = (
				BD222F0C2095980B001702FC /* PCHDemoUITests.m */,
				BD222F0E2095980B001702FC /* Info.plist */,
			);
			path = PCHDemoUITests;
			sourceTree = "<group>";
		};
/* End PBXGroup section */

/* Begin PBXNativeTarget section */
		BD222EE12095980B001702FC /* PCHDemo */ = {
			isa = PBXNativeTarget;
			buildConfigurationList = BD222F112095980B001702FC /* Build configuration list for PBXNativeTarget "PCHDemo" */;
			buildPhases = (
				BD222EDE2095980B001702FC /* Sources */,
				BD222EDF2095980B001702FC /* Frameworks */,
				BD222EE02095980B001702FC /* Resources */,
			);
			buildRules = (
			);
			dependencies = (
			);
			name = PCHDemo;
			productName = PCHDemo;
			productReference = BD222EE22095980B001702FC /* PCHDemo.app */;
			productType = "com.apple.product-type.application";
		};
		BD222EFC2095980B001702FC /* PCHDemoTests */ = {
			isa = PBXNativeTarget;
			buildConfigurationList = BD222F142095980B001702FC /* Build configuration list for PBXNativeTarget "PCHDemoTests" */;
			buildPhases = (
				BD222EF92095980B001702FC /* Sources */,
				BD222EFA2095980B001702FC /* Frameworks */,
				BD222EFB2095980B001702FC /* Resources */,
			);
			buildRules = (
			);
			dependencies = (
				BD222EFF2095980B001702FC /* PBXTargetDependency */,
			);
			name = PCHDemoTests;
			productName = PCHDemoTests;
			productReference = BD222EFD2095980B001702FC /* PCHDemoTests.xctest */;
			productType = "com.apple.product-type.bundle.unit-test";
		};
		BD222F072095980B001702FC /* PCHDemoUITests */ = {
			isa = PBXNativeTarget;
			buildConfigurationList = BD222F172095980B001702FC /* Build configuration list for PBXNativeTarget "PCHDemoUITests" */;
			buildPhases = (
				BD222F042095980B001702FC /* Sources */,
				BD222F052095980B001702FC /* Frameworks */,
				BD222F062095980B001702FC /* Resources */,
			);
			buildRules = (
			);
			dependencies = (
				BD222F0A2095980B001702FC /* PBXTargetDependency */,
			);
			name = PCHDemoUITests;
			productName = PCHDemoUITests;
			productReference = BD222F082095980B001702FC /* PCHDemoUITests.xctest */;
			productType = "com.apple.product-type.bundle.ui-testing";
		};
/* End PBXNativeTarget section */

/* Begin PBXProject section */
		BD222EDA2095980B001702FC /* Project object */ = {
			isa = PBXProject;
			attributes = {
				LastUpgradeCheck = 0920;
				ORGANIZATIONNAME = Yaswanth;
				TargetAttributes = {
					BD222EE12095980B001702FC = {
						CreatedOnToolsVersion = 9.2;
						ProvisioningStyle = Automatic;
					};
					BD222EFC2095980B001702FC = {
						CreatedOnToolsVersion = 9.2;
						ProvisioningStyle = Automatic;
						TestTargetID = BD222EE12095980B001702FC;
					};
					BD222F072095980B001702FC = {
						CreatedOnToolsVersion = 9.2;
						ProvisioningStyle = Automatic;
						TestTargetID = BD222EE12095980B001702FC;
					};
				};
			};
			buildConfigurationList = BD222EDD2095980B001702FC /* Build configuration list for PBXProject "PCHDemo" */;
			compatibilityVersion = "Xcode 8.0";
			developmentRegion = en;
			hasScannedForEncodings = 0;
			knownRegions = (
				en,
				Base,
			);
			mainGroup = BD222ED92095980B001702FC;
			productRefGroup = BD222EE32095980B001702FC /* Products */;
			projectDirPath = "";
			projectRoot = "";
			targets = (
				BD222EE12095980B001702FC /* PCHDemo */,
				BD222EFC2095980B001702FC /* PCHDemoTests */,
				BD222F072095980B001702FC /* PCHDemoUITests */,
			);
		};
/* End PBXProject section */

/* Begin PBXResourcesBuildPhase section */
		BD222EE02095980B001702FC /* Resources */ = {
			isa = PBXResourcesBuildPhase;
			buildActionMask = 2147483647;
			files = (
				BD222EF52095980B001702FC /* LaunchScreen.storyboard in Resources */,
				BD222EF22095980B001702FC /* Assets.xcassets in Resources */,
				BD222EED2095980B001702FC /* Main.storyboard in Resources */,
			);
			runOnlyForDeploymentPostprocessing = 0;
		};
		BD222EFB2095980B001702FC /* Resources */ = {
			isa = PBXResourcesBuildPhase;
			buildActionMask = 2147483647;
			files = (
			);
			runOnlyForDeploymentPostprocessing = 0;
		};
		BD222F062095980B001702FC /* Resources */ = {
			isa = PBXResourcesBuildPhase;
			buildActionMask = 2147483647;
			files = (
			);
			runOnlyForDeploymentPostprocessing = 0;
		};
/* End PBXResourcesBuildPhase section */

/* Begin PBXSourcesBuildPhase section */
		BD222EDE2095980B001702FC /* Sources */ = {
			isa = PBXSourcesBuildPhase;
			buildActionMask = 2147483647;
			files = (
				BD222EEA2095980B001702FC /* ViewController.m in Sources */,
				BD222EF02095980B001702FC /* PCHDemo.xcdatamodeld in Sources */,
				BD222EF82095980B001702FC /* main.m in Sources */,
				BD222EE72095980B001702FC /* AppDelegate.m in Sources */,
			);
			runOnlyForDeploymentPostprocessing = 0;
		};
		BD222EF92095980B001702FC /* Sources */ = {
			isa = PBXSourcesBuildPhase;
			buildActionMask = 2147483647;
			files = (
				BD222F022095980B001702FC /* PCHDemoTests.m in Sources */,
			);
			runOnlyForDeploymentPostprocessing = 0;
		};
		BD222F042095980B001702FC /* Sources */ = {
			isa = PBXSourcesBuildPhase;
			buildActionMask = 2147483647;
			files = (
				BD222F0D2095980B001702FC /* PCHDemoUITests.m in Sources */,
			);
			runOnlyForDeploymentPostprocessing = 0;
		};
/* End PBXSourcesBuildPhase section */

/* Begin PBXTargetDependency section */
		BD222EFF2095980B001702FC /* PBXTargetDependency */ = {
			isa = PBXTargetDependency;
			target = BD222EE12095980B001702FC /* PCHDemo */;
			targetProxy = BD222EFE2095980B001702FC /* PBXContainerItemProxy */;
		};
		BD222F0A2095980B001702FC /* PBXTargetDependency */ = {
			isa = PBXTargetDependency;
			target = BD222EE12095980B001702FC /* PCHDemo */;
			targetProxy = BD222F092095980B001702FC /* PBXContainerItemProxy */;
		};
/* End PBXTargetDependency section */

/* Begin PBXVariantGroup section */
		BD222EEB2095980B001702FC /* Main.storyboard */ = {
			isa = PBXVariantGroup;
			children = (
				BD222EEC2095980B001702FC /* Base */,
			);
			name = Main.storyboard;
			sourceTree = "<group>";
		};
		BD222EF32095980B001702FC /* LaunchScreen.storyboard */ = {
			isa = PBXVariantGroup;
			children = (
				BD222EF42095980B001702FC /* Base */,
			);
			name = LaunchScreen.storyboard;
			sourceTree = "<group>";
		};
/* End PBXVariantGroup section */

/* Begin XCBuildConfiguration section */
		BD222F0F2095980B001702FC /* Debug */ = {
			isa = XCBuildConfiguration;
			buildSettings = {
				ALWAYS_SEARCH_USER_PATHS = NO;
				CLANG_ANALYZER_NONNULL = YES;
				CLANG_ANALYZER_NUMBER_OBJECT_CONVERSION = YES_AGGRESSIVE;
				CLANG_CXX_LANGUAGE_STANDARD = "gnu++14";
				CLANG_CXX_LIBRARY = "libc++";
				CLANG_ENABLE_MODULES = YES;
				CLANG_ENABLE_OBJC_ARC = YES;
				CLANG_WARN_BLOCK_CAPTURE_AUTORELEASING = YES;
				CLANG_WARN_BOOL_CONVERSION = YES;
				CLANG_WARN_COMMA = YES;
				CLANG_WARN_CONSTANT_CONVERSION = YES;
				CLANG_WARN_DIRECT_OBJC_ISA_USAGE = YES_ERROR;
				CLANG_WARN_DOCUMENTATION_COMMENTS = YES;
				CLANG_WARN_EMPTY_BODY = YES;
				CLANG_WARN_ENUM_CONVERSION = YES;
				CLANG_WARN_INFINITE_RECURSION = YES;
				CLANG_WARN_INT_CONVERSION = YES;
				CLANG_WARN_NON_LITERAL_NULL_CONVERSION = YES;
				CLANG_WARN_OBJC_LITERAL_CONVERSION = YES;
				CLANG_WARN_OBJC_ROOT_CLASS = YES_ERROR;
				CLANG_WARN_RANGE_LOOP_ANALYSIS = YES;
				CLANG_WARN_STRICT_PROTOTYPES = YES;
				CLANG_WARN_SUSPICIOUS_MOVE = YES;
				CLANG_WARN_UNGUARDED_AVAILABILITY = YES_AGGRESSIVE;
				CLANG_WARN_UNREACHABLE_CODE = YES;
				CLANG_WARN__DUPLICATE_METHOD_MATCH = YES;
				CODE_SIGN_IDENTITY = "iPhone Developer";
				COPY_PHASE_STRIP = NO;
				DEBUG_INFORMATION_FORMAT = dwarf;
				ENABLE_STRICT_OBJC_MSGSEND = YES;
				ENABLE_TESTABILITY = YES;
				GCC_C_LANGUAGE_STANDARD = gnu11;
				GCC_DYNAMIC_NO_PIC = NO;
				GCC_NO_COMMON_BLOCKS = YES;
				GCC_OPTIMIZATION_LEVEL = 0;
				GCC_PREPROCESSOR_DEFINITIONS = (
					"DEBUG=1",
					"$(inherited)",
				);
				GCC_WARN_64_TO_32_BIT_CONVERSION = YES;
				GCC_WARN_ABOUT_RETURN_TYPE = YES_ERROR;
				GCC_WARN_UNDECLARED_SELECTOR = YES;
				GCC_WARN_UNINITIALIZED_AUTOS = YES_AGGRESSIVE;
				GCC_WARN_UNUSED_FUNCTION = YES;
				GCC_WARN_UNUSED_VARIABLE = YES;
				IPHONEOS_DEPLOYMENT_TARGET = 11.2;
				MTL_ENABLE_DEBUG_INFO = YES;
				ONLY_ACTIVE_ARCH = YES;
				SDKROOT = iphoneos;
			};
			name = Debug;
		};
		BD222F102095980B001702FC /* Release */ = {
			isa = XCBuildConfiguration;
			buildSettings = {
				ALWAYS_SEARCH_USER_PATHS = NO;
				CLANG_ANALYZER_NONNULL = YES;
				CLANG_ANALYZER_NUMBER_OBJECT_CONVERSION = YES_AGGRESSIVE;
				CLANG_CXX_LANGUAGE_STANDARD = "gnu++14";
				CLANG_CXX_LIBRARY = "libc++";
				CLANG_ENABLE_MODULES = YES;
				CLANG_ENABLE_OBJC_ARC = YES;
				CLANG_WARN_BLOCK_CAPTURE_AUTORELEASING = YES;
				CLANG_WARN_BOOL_CONVERSION = YES;
				CLANG_WARN_COMMA = YES;
				CLANG_WARN_CONSTANT_CONVERSION = YES;
				CLANG_WARN_DIRECT_OBJC_ISA_USAGE = YES_ERROR;
				CLANG_WARN_DOCUMENTATION_COMMENTS = YES;
				CLANG_WARN_EMPTY_BODY = YES;
				CLANG_WARN_ENUM_CONVERSION = YES;
				CLANG_WARN_INFINITE_RECURSION = YES;
				CLANG_WARN_INT_CONVERSION = YES;
				CLANG_WARN_NON_LITERAL_NULL_CONVERSION = YES;
				CLANG_WARN_OBJC_LITERAL_CONVERSION = YES;
				CLANG_WARN_OBJC_ROOT_CLASS = YES_ERROR;
				CLANG_WARN_RANGE_LOOP_ANALYSIS = YES;
				CLANG_WARN_STRICT_PROTOTYPES = YES;
				CLANG_WARN_SUSPICIOUS_MOVE = YES;
				CLANG_WARN_UNGUARDED_AVAILABILITY = YES_AGGRESSIVE;
				CLANG_WARN_UNREACHABLE_CODE = YES;
				CLANG_WARN__DUPLICATE_METHOD_MATCH = YES;
				CODE_SIGN_IDENTITY = "iPhone Developer";
				COPY_PHASE_STRIP = NO;
				DEBUG_INFORMATION_FORMAT = "dwarf-with-dsym";
				ENABLE_NS_ASSERTIONS = NO;
				ENABLE_STRICT_OBJC_MSGSEND = YES;
				GCC_C_LANGUAGE_STANDARD = gnu11;
				GCC_NO_COMMON_BLOCKS = YES;
				GCC_WARN_64_TO_32_BIT_CONVERSION = YES;
				GCC_WARN_ABOUT_RETURN_TYPE = YES_ERROR;
				GCC_WARN_UNDECLARED_SELECTOR = YES;
				GCC_WARN_UNINITIALIZED_AUTOS = YES_AGGRESSIVE;
				GCC_WARN_UNUSED_FUNCTION = YES;
				GCC_WARN_UNUSED_VARIABLE = YES;
				IPHONEOS_DEPLOYMENT_TARGET = 11.2;
				MTL_ENABLE_DEBUG_INFO = NO;
				SDKROOT = iphoneos;
				VALIDATE_PRODUCT = YES;
			};
			name = Release;
		};
		BD222F122095980B001702FC /* Debug */ = {
			isa = XCBuildConfiguration;
			buildSettings = {
				ASSETCATALOG_COMPILER_APPICON_NAME = AppIcon;
				CODE_SIGN_STYLE = Automatic;
				GCC_PREFIX_HEADER = "PCHDemo/PCHDemo-prefix.pch";
				INFOPLIST_FILE = PCHDemo/Info.plist;
				LD_RUNPATH_SEARCH_PATHS = "$(inherited) @executable_path/Frameworks";
				PRODUCT_BUNDLE_IDENTIFIER = com.yash.PCHDemo;
				PRODUCT_NAME = "$(TARGET_NAME)";
				TARGETED_DEVICE_FAMILY = "1,2";
			};
			name = Debug;
		};
		BD222F132095980B001702FC /* Release */ = {
			isa = XCBuildConfiguration;
			buildSettings = {
				ASSETCATALOG_COMPILER_APPICON_NAME = AppIcon;
				CODE_SIGN_STYLE = Automatic;
				GCC_PREFIX_HEADER = "PCHDemo/PCHDemo-prefix.pch";
				INFOPLIST_FILE = PCHDemo/Info.plist;
				LD_RUNPATH_SEARCH_PATHS = "$(inherited) @executable_path/Frameworks";
				PRODUCT_BUNDLE_IDENTIFIER = com.yash.PCHDemo;
				PRODUCT_NAME = "$(TARGET_NAME)";
				TARGETED_DEVICE_FAMILY = "1,2";
			};
			name = Release;
		};
		BD222F152095980B001702FC /* Debug */ = {
			isa = XCBuildConfiguration;
			buildSettings = {
				BUNDLE_LOADER = "$(TEST_HOST)";
				CODE_SIGN_STYLE = Automatic;
				INFOPLIST_FILE = PCHDemoTests/Info.plist;
				LD_RUNPATH_SEARCH_PATHS = "$(inherited) @executable_path/Frameworks @loader_path/Frameworks";
				PRODUCT_BUNDLE_IDENTIFIER = com.yash.PCHDemoTests;
				PRODUCT_NAME = "$(TARGET_NAME)";
				TARGETED_DEVICE_FAMILY = "1,2";
				TEST_HOST = "$(BUILT_PRODUCTS_DIR)/PCHDemo.app/PCHDemo";
			};
			name = Debug;
		};
		BD222F162095980B001702FC /* Release */ = {
			isa = XCBuildConfiguration;
			buildSettings = {
				BUNDLE_LOADER = "$(TEST_HOST)";
				CODE_SIGN_STYLE = Automatic;
				INFOPLIST_FILE = PCHDemoTests/Info.plist;
				LD_RUNPATH_SEARCH_PATHS = "$(inherited) @executable_path/Frameworks @loader_path/Frameworks";
				PRODUCT_BUNDLE_IDENTIFIER = com.yash.PCHDemoTests;
				PRODUCT_NAME = "$(TARGET_NAME)";
				TARGETED_DEVICE_FAMILY = "1,2";
				TEST_HOST = "$(BUILT_PRODUCTS_DIR)/PCHDemo.app/PCHDemo";
			};
			name = Release;
		};
		BD222F182095980B001702FC /* Debug */ = {
			isa = XCBuildConfiguration;
			buildSettings = {
				CODE_SIGN_STYLE = Automatic;
				INFOPLIST_FILE = PCHDemoUITests/Info.plist;
				LD_RUNPATH_SEARCH_PATHS = "$(inherited) @executable_path/Frameworks @loader_path/Frameworks";
				PRODUCT_BUNDLE_IDENTIFIER = com.yash.PCHDemoUITests;
				PRODUCT_NAME = "$(TARGET_NAME)";
				TARGETED_DEVICE_FAMILY = "1,2";
				TEST_TARGET_NAME = PCHDemo;
			};
			name = Debug;
		};
		BD222F192095980B001702FC /* Release */ = {
			isa = XCBuildConfiguration;
			buildSettings = {
				CODE_SIGN_STYLE = Automatic;
				INFOPLIST_FILE = PCHDemoUITests/Info.plist;
				LD_RUNPATH_SEARCH_PATHS = "$(inherited) @executable_path/Frameworks @loader_path/Frameworks";
				PRODUCT_BUNDLE_IDENTIFIER = com.yash.PCHDemoUITests;
				PRODUCT_NAME = "$(TARGET_NAME)";
				TARGETED_DEVICE_FAMILY = "1,2";
				TEST_TARGET_NAME = PCHDemo;
			};
			name = Release;
		};
/* End XCBuildConfiguration section */

/* Begin XCConfigurationList section */
		BD222EDD2095980B001702FC /* Build configuration list for PBXProject "PCHDemo" */ = {
			isa = XCConfigurationList;
			buildConfigurations = (
				BD222F0F2095980B001702FC /* Debug */,
				BD222F102095980B001702FC /* Release */,
			);
			defaultConfigurationIsVisible = 0;
			defaultConfigurationName = Release;
		};
		BD222F112095980B001702FC /* Build configuration list for PBXNativeTarget "PCHDemo" */ = {
			isa = XCConfigurationList;
			buildConfigurations = (
				BD222F122095980B001702FC /* Debug */,
				BD222F132095980B001702FC /* Release */,
			);
			defaultConfigurationIsVisible = 0;
			defaultConfigurationName = Release;
		};
		BD222F142095980B001702FC /* Build configuration list for PBXNativeTarget "PCHDemoTests" */ = {
			isa = XCConfigurationList;
			buildConfigurations = (
				BD222F152095980B001702FC /* Debug */,
				BD222F162095980B001702FC /* Release */,
			);
			defaultConfigurationIsVisible = 0;
			defaultConfigurationName = Release;
		};
		BD222F172095980B001702FC /* Build configuration list for PBXNativeTarget "PCHDemoUITests" */ = {
			isa = XCConfigurationList;
			buildConfigurations = (
				BD222F182095980B001702FC /* Debug */,
				BD222F192095980B001702FC /* Release */,
			);
			defaultConfigurationIsVisible = 0;
			defaultConfigurationName = Release;
		};
/* End XCConfigurationList section */

/* Begin XCVersionGroup section */
		BD222EEE2095980B001702FC /* PCHDemo.xcdatamodeld */ = {
			isa = XCVersionGroup;
			children = (
				BD222EEF2095980B001702FC /* PCHDemo.xcdatamodel */,
			);
			currentVersion = BD222EEF2095980B001702FC /* PCHDemo.xcdatamodel */;
			path = PCHDemo.xcdatamodeld;
			sourceTree = "<group>";
			versionGroupType = wrapper.xcdatamodel;
		};
/* End XCVersionGroup section */
	};
	rootObject = BD222EDA2095980B001702FC /* Project object */;
}
